// !$*UTF8*$!
{
	archiveVersion = 1;
	classes = {
	};
	objectVersion = 46;
	objects = {

/* Begin PBXBuildFile section */
		A74913651CD604A300CD96D5 /* AppDelegate.swift in Sources */ = {isa = PBXBuildFile; fileRef = A74913641CD604A300CD96D5 /* AppDelegate.swift */; };
		A749136A1CD604A300CD96D5 /* Main.storyboard in Resources */ = {isa = PBXBuildFile; fileRef = A74913681CD604A300CD96D5 /* Main.storyboard */; };
		A749136C1CD604A300CD96D5 /* Assets.xcassets in Resources */ = {isa = PBXBuildFile; fileRef = A749136B1CD604A300CD96D5 /* Assets.xcassets */; };
		A749136F1CD604A300CD96D5 /* LaunchScreen.storyboard in Resources */ = {isa = PBXBuildFile; fileRef = A749136D1CD604A300CD96D5 /* LaunchScreen.storyboard */; };
		A749138A1CD60A0E00CD96D5 /* CalculatorMainScreenVC.swift in Sources */ = {isa = PBXBuildFile; fileRef = A74913891CD60A0E00CD96D5 /* CalculatorMainScreenVC.swift */; };
		A749138C1CD60A1900CD96D5 /* CalculatorBrain.swift in Sources */ = {isa = PBXBuildFile; fileRef = A749138B1CD60A1900CD96D5 /* CalculatorBrain.swift */; };
/* End PBXBuildFile section */

/* Begin PBXFileReference section */
		A74913611CD604A300CD96D5 /* Calculator.app */ = {isa = PBXFileReference; explicitFileType = wrapper.application; includeInIndex = 0; path = Calculator.app; sourceTree = BUILT_PRODUCTS_DIR; };
		A74913641CD604A300CD96D5 /* AppDelegate.swift */ = {isa = PBXFileReference; lastKnownFileType = sourcecode.swift; name = AppDelegate.swift; path = ../AppDelegate.swift; sourceTree = "<group>"; };
		A74913691CD604A300CD96D5 /* Base */ = {isa = PBXFileReference; lastKnownFileType = file.storyboard; name = Base; path = Base.lproj/Main.storyboard; sourceTree = "<group>"; };
		A749136B1CD604A300CD96D5 /* Assets.xcassets */ = {isa = PBXFileReference; lastKnownFileType = folder.assetcatalog; name = Assets.xcassets; path = ../../Assets.xcassets; sourceTree = "<group>"; };
		A749136E1CD604A300CD96D5 /* Base */ = {isa = PBXFileReference; lastKnownFileType = file.storyboard; name = Base; path = Base.lproj/LaunchScreen.storyboard; sourceTree = "<group>"; };
		A74913701CD604A300CD96D5 /* Info.plist */ = {isa = PBXFileReference; lastKnownFileType = text.plist.xml; name = Info.plist; path = ../Info.plist; sourceTree = "<group>"; };
		A74913891CD60A0E00CD96D5 /* CalculatorMainScreenVC.swift */ = {isa = PBXFileReference; fileEncoding = 4; lastKnownFileType = sourcecode.swift; path = CalculatorMainScreenVC.swift; sourceTree = "<group>"; };
		A749138B1CD60A1900CD96D5 /* CalculatorBrain.swift */ = {isa = PBXFileReference; fileEncoding = 4; lastKnownFileType = sourcecode.swift; path = CalculatorBrain.swift; sourceTree = "<group>"; };
/* End PBXFileReference section */

/* Begin PBXFrameworksBuildPhase section */
		A749135E1CD604A300CD96D5 /* Frameworks */ = {
			isa = PBXFrameworksBuildPhase;
			buildActionMask = 2147483647;
			files = (
			);
			runOnlyForDeploymentPostprocessing = 0;
		};
/* End PBXFrameworksBuildPhase section */

/* Begin PBXGroup section */
		A74913581CD604A300CD96D5 = {
			isa = PBXGroup;
			children = (
				A74913631CD604A300CD96D5 /* Calculator */,
				A74913621CD604A300CD96D5 /* Products */,
			);
			sourceTree = "<group>";
		};
		A74913621CD604A300CD96D5 /* Products */ = {
			isa = PBXGroup;
			children = (
				A74913611CD604A300CD96D5 /* Calculator.app */,
			);
			name = Products;
			sourceTree = "<group>";
		};
		A74913631CD604A300CD96D5 /* Calculator */ = {
			isa = PBXGroup;
			children = (
				A749137A1CD6099700CD96D5 /* Classes */,
				A74913801CD6099700CD96D5 /* Resources */,
			);
			path = Calculator;
			sourceTree = "<group>";
		};
		A749137A1CD6099700CD96D5 /* Classes */ = {
			isa = PBXGroup;
			children = (
				A74913641CD604A300CD96D5 /* AppDelegate.swift */,
				A74913701CD604A300CD96D5 /* Info.plist */,
				A749137B1CD6099700CD96D5 /* APIs */,
				A749137C1CD6099700CD96D5 /* Controllers */,
				A749137D1CD6099700CD96D5 /* Extensions */,
				A749137E1CD6099700CD96D5 /* Models */,
				A749137F1CD6099700CD96D5 /* Views */,
			);
			path = Classes;
			sourceTree = "<group>";
		};
		A749137B1CD6099700CD96D5 /* APIs */ = {
			isa = PBXGroup;
			children = (
			);
			path = APIs;
			sourceTree = "<group>";
		};
		A749137C1CD6099700CD96D5 /* Controllers */ = {
			isa = PBXGroup;
			children = (
				A74913891CD60A0E00CD96D5 /* CalculatorMainScreenVC.swift */,
			);
			path = Controllers;
			sourceTree = "<group>";
		};
		A749137D1CD6099700CD96D5 /* Extensions */ = {
			isa = PBXGroup;
			children = (
			);
			path = Extensions;
			sourceTree = "<group>";
		};
		A749137E1CD6099700CD96D5 /* Models */ = {
			isa = PBXGroup;
			children = (
				A749138B1CD60A1900CD96D5 /* CalculatorBrain.swift */,
			);
			path = Models;
			sourceTree = "<group>";
		};
		A749137F1CD6099700CD96D5 /* Views */ = {
			isa = PBXGroup;
			children = (
			);
			path = Views;
			sourceTree = "<group>";
		};
		A74913801CD6099700CD96D5 /* Resources */ = {
			isa = PBXGroup;
			children = (
				A74913871CD6099700CD96D5 /* Storyboards */,
				A74913811CD6099700CD96D5 /* MediaAssets */,
				A74913861CD6099700CD96D5 /* Plists */,
				A74913881CD6099700CD96D5 /* XIBs */,
			);
			path = Resources;
			sourceTree = "<group>";
		};
		A74913811CD6099700CD96D5 /* MediaAssets */ = {
			isa = PBXGroup;
			children = (
				A749136D1CD604A300CD96D5 /* LaunchScreen.storyboard */,
				A749136B1CD604A300CD96D5 /* Assets.xcassets */,
				A74913821CD6099700CD96D5 /* Icons */,
				A74913831CD6099700CD96D5 /* Images */,
				A74913841CD6099700CD96D5 /* Sounds */,
				A74913851CD6099700CD96D5 /* Sprites */,
			);
			path = MediaAssets;
			sourceTree = "<group>";
		};
		A74913821CD6099700CD96D5 /* Icons */ = {
			isa = PBXGroup;
			children = (
			);
			path = Icons;
			sourceTree = "<group>";
		};
		A74913831CD6099700CD96D5 /* Images */ = {
			isa = PBXGroup;
			children = (
			);
			path = Images;
			sourceTree = "<group>";
		};
		A74913841CD6099700CD96D5 /* Sounds */ = {
			isa = PBXGroup;
			children = (
			);
			path = Sounds;
			sourceTree = "<group>";
		};
		A74913851CD6099700CD96D5 /* Sprites */ = {
			isa = PBXGroup;
			children = (
			);
			path = Sprites;
			sourceTree = "<group>";
		};
		A74913861CD6099700CD96D5 /* Plists */ = {
			isa = PBXGroup;
			children = (
			);
			path = Plists;
			sourceTree = "<group>";
		};
		A74913871CD6099700CD96D5 /* Storyboards */ = {
			isa = PBXGroup;
			children = (
				A74913681CD604A300CD96D5 /* Main.storyboard */,
			);
			path = Storyboards;
			sourceTree = "<group>";
		};
		A74913881CD6099700CD96D5 /* XIBs */ = {
			isa = PBXGroup;
			children = (
			);
			path = XIBs;
			sourceTree = "<group>";
		};
/* End PBXGroup section */

/* Begin PBXNativeTarget section */
		A74913601CD604A300CD96D5 /* Calculator */ = {
			isa = PBXNativeTarget;
			buildConfigurationList = A74913731CD604A300CD96D5 /* Build configuration list for PBXNativeTarget "Calculator" */;
			buildPhases = (
				A749135D1CD604A300CD96D5 /* Sources */,
				A749135E1CD604A300CD96D5 /* Frameworks */,
				A749135F1CD604A300CD96D5 /* Resources */,
			);
			buildRules = (
			);
			dependencies = (
			);
			name = Calculator;
			productName = Calculator;
			productReference = A74913611CD604A300CD96D5 /* Calculator.app */;
			productType = "com.apple.product-type.application";
		};
/* End PBXNativeTarget section */

/* Begin PBXProject section */
		A74913591CD604A300CD96D5 /* Project object */ = {
			isa = PBXProject;
			attributes = {
				LastSwiftUpdateCheck = 0730;
				LastUpgradeCheck = 0730;
				ORGANIZATIONNAME = "Oliver Barreto";
				TargetAttributes = {
					A74913601CD604A300CD96D5 = {
						CreatedOnToolsVersion = 7.3;
						DevelopmentTeam = 83JFF66S9C;
					};
				};
			};
			buildConfigurationList = A749135C1CD604A300CD96D5 /* Build configuration list for PBXProject "Calculator" */;
			compatibilityVersion = "Xcode 3.2";
			developmentRegion = English;
			hasScannedForEncodings = 0;
			knownRegions = (
				en,
				Base,
			);
			mainGroup = A74913581CD604A300CD96D5;
			productRefGroup = A74913621CD604A300CD96D5 /* Products */;
			projectDirPath = "";
			projectRoot = "";
			targets = (
				A74913601CD604A300CD96D5 /* Calculator */,
			);
		};
/* End PBXProject section */

/* Begin PBXResourcesBuildPhase section */
		A749135F1CD604A300CD96D5 /* Resources */ = {
			isa = PBXResourcesBuildPhase;
			buildActionMask = 2147483647;
			files = (
				A749136F1CD604A300CD96D5 /* LaunchScreen.storyboard in Resources */,
				A749136C1CD604A300CD96D5 /* Assets.xcassets in Resources */,
				A749136A1CD604A300CD96D5 /* Main.storyboard in Resources */,
			);
			runOnlyForDeploymentPostprocessing = 0;
		};
/* End PBXResourcesBuildPhase section */

/* Begin PBXSourcesBuildPhase section */
		A749135D1CD604A300CD96D5 /* Sources */ = {
			isa = PBXSourcesBuildPhase;
			buildActionMask = 2147483647;
			files = (
				A749138C1CD60A1900CD96D5 /* CalculatorBrain.swift in Sources */,
				A74913651CD604A300CD96D5 /* AppDelegate.swift in Sources */,
				A749138A1CD60A0E00CD96D5 /* CalculatorMainScreenVC.swift in Sources */,
			);
			runOnlyForDeploymentPostprocessing = 0;
		};
/* End PBXSourcesBuildPhase section */

/* Begin PBXVariantGroup section */
		A74913681CD604A300CD96D5 /* Main.storyboard */ = {
			isa = PBXVariantGroup;
			children = (
				A74913691CD604A300CD96D5 /* Base */,
			);
			name = Main.storyboard;
			path = ../..;
			sourceTree = "<group>";
		};
		A749136D1CD604A300CD96D5 /* LaunchScreen.storyboard */ = {
			isa = PBXVariantGroup;
			children = (
				A749136E1CD604A300CD96D5 /* Base */,
			);
			name = LaunchScreen.storyboard;
			path = ../..;
			sourceTree = "<group>";
		};
/* End PBXVariantGroup section */

/* Begin XCBuildConfiguration section */
		A74913711CD604A300CD96D5 /* Debug */ = {
			isa = XCBuildConfiguration;
			buildSettings = {
				ALWAYS_SEARCH_USER_PATHS = NO;
				CLANG_ANALYZER_NONNULL = YES;
				CLANG_CXX_LANGUAGE_STANDARD = "gnu++0x";
				CLANG_CXX_LIBRARY = "libc++";
				CLANG_ENABLE_MODULES = YES;
				CLANG_ENABLE_OBJC_ARC = YES;
				CLANG_WARN_BOOL_CONVERSION = YES;
				CLANG_WARN_CONSTANT_CONVERSION = YES;
				CLANG_WARN_DIRECT_OBJC_ISA_USAGE = YES_ERROR;
				CLANG_WARN_EMPTY_BODY = YES;
				CLANG_WARN_ENUM_CONVERSION = YES;
				CLANG_WARN_INT_CONVERSION = YES;
				CLANG_WARN_OBJC_ROOT_CLASS = YES_ERROR;
				CLANG_WARN_UNREACHABLE_CODE = YES;
				CLANG_WARN__DUPLICATE_METHOD_MATCH = YES;
				"CODE_SIGN_IDENTITY[sdk=iphoneos*]" = "iPhone Developer";
				COPY_PHASE_STRIP = NO;
				DEBUG_INFORMATION_FORMAT = dwarf;
				ENABLE_STRICT_OBJC_MSGSEND = YES;
				ENABLE_TESTABILITY = YES;
				GCC_C_LANGUAGE_STANDARD = gnu99;
				GCC_DYNAMIC_NO_PIC = NO;
				GCC_NO_COMMON_BLOCKS = YES;
				GCC_OPTIMIZATION_LEVEL = 0;
				GCC_PREPROCESSOR_DEFINITIONS = (
					"DEBUG=1",
					"$(inherited)",
				);
				GCC_WARN_64_TO_32_BIT_CONVERSION = YES;
				GCC_WARN_ABOUT_RETURN_TYPE = YES_ERROR;
				GCC_WARN_UNDECLARED_SELECTOR = YES;
				GCC_WARN_UNINITIALIZED_AUTOS = YES_AGGRESSIVE;
				GCC_WARN_UNUSED_FUNCTION = YES;
				GCC_WARN_UNUSED_VARIABLE = YES;
				IPHONEOS_DEPLOYMENT_TARGET = 9.3;
				MTL_ENABLE_DEBUG_INFO = YES;
				ONLY_ACTIVE_ARCH = YES;
				SDKROOT = iphoneos;
				SWIFT_OPTIMIZATION_LEVEL = "-Onone";
				TARGETED_DEVICE_FAMILY = "1,2";
			};
			name = Debug;
		};
		A74913721CD604A300CD96D5 /* Release */ = {
			isa = XCBuildConfiguration;
			buildSettings = {
				ALWAYS_SEARCH_USER_PATHS = NO;
				CLANG_ANALYZER_NONNULL = YES;
				CLANG_CXX_LANGUAGE_STANDARD = "gnu++0x";
				CLANG_CXX_LIBRARY = "libc++";
				CLANG_ENABLE_MODULES = YES;
				CLANG_ENABLE_OBJC_ARC = YES;
				CLANG_WARN_BOOL_CONVERSION = YES;
				CLANG_WARN_CONSTANT_CONVERSION = YES;
				CLANG_WARN_DIRECT_OBJC_ISA_USAGE = YES_ERROR;
				CLANG_WARN_EMPTY_BODY = YES;
				CLANG_WARN_ENUM_CONVERSION = YES;
				CLANG_WARN_INT_CONVERSION = YES;
				CLANG_WARN_OBJC_ROOT_CLASS = YES_ERROR;
				CLANG_WARN_UNREACHABLE_CODE = YES;
				CLANG_WARN__DUPLICATE_METHOD_MATCH = YES;
				"CODE_SIGN_IDENTITY[sdk=iphoneos*]" = "iPhone Developer";
				COPY_PHASE_STRIP = NO;
				DEBUG_INFORMATION_FORMAT = "dwarf-with-dsym";
				ENABLE_NS_ASSERTIONS = NO;
				ENABLE_STRICT_OBJC_MSGSEND = YES;
				GCC_C_LANGUAGE_STANDARD = gnu99;
				GCC_NO_COMMON_BLOCKS = YES;
				GCC_WARN_64_TO_32_BIT_CONVERSION = YES;
				GCC_WARN_ABOUT_RETURN_TYPE = YES_ERROR;
				GCC_WARN_UNDECLARED_SELECTOR = YES;
				GCC_WARN_UNINITIALIZED_AUTOS = YES_AGGRESSIVE;
				GCC_WARN_UNUSED_FUNCTION = YES;
				GCC_WARN_UNUSED_VARIABLE = YES;
				IPHONEOS_DEPLOYMENT_TARGET = 9.3;
				MTL_ENABLE_DEBUG_INFO = NO;
				SDKROOT = iphoneos;
				TARGETED_DEVICE_FAMILY = "1,2";
				VALIDATE_PRODUCT = YES;
			};
			name = Release;
		};
		A74913741CD604A300CD96D5 /* Debug */ = {
			isa = XCBuildConfiguration;
			buildSettings = {
				ASSETCATALOG_COMPILER_APPICON_NAME = AppIcon;
				CODE_SIGN_IDENTITY = "iPhone Developer";
				"CODE_SIGN_IDENTITY[sdk=iphoneos*]" = "iPhone Developer";
				INFOPLIST_FILE = Calculator/Info.plist;
				LD_RUNPATH_SEARCH_PATHS = "$(inherited) @executable_path/Frameworks";
				PRODUCT_BUNDLE_IDENTIFIER = com.oliverbarreto.testapp.Calculator;
				PRODUCT_NAME = "$(TARGET_NAME)";
				PROVISIONING_PROFILE = "";
			};
			name = Debug;
		};
		A74913751CD604A300CD96D5 /* Release */ = {
			isa = XCBuildConfiguration;
			buildSettings = {
				ASSETCATALOG_COMPILER_APPICON_NAME = AppIcon;
				CODE_SIGN_IDENTITY = "iPhone Developer";
				"CODE_SIGN_IDENTITY[sdk=iphoneos*]" = "iPhone Developer";
				INFOPLIST_FILE = Calculator/Info.plist;
				LD_RUNPATH_SEARCH_PATHS = "$(inherited) @executable_path/Frameworks";
				PRODUCT_BUNDLE_IDENTIFIER = com.oliverbarreto.testapp.Calculator;
				PRODUCT_NAME = "$(TARGET_NAME)";
				PROVISIONING_PROFILE = "";
			};
			name = Release;
		};
/* End XCBuildConfiguration section */

/* Begin XCConfigurationList section */
		A749135C1CD604A300CD96D5 /* Build configuration list for PBXProject "Calculator" */ = {
			isa = XCConfigurationList;
			buildConfigurations = (
				A74913711CD604A300CD96D5 /* Debug */,
				A74913721CD604A300CD96D5 /* Release */,
			);
			defaultConfigurationIsVisible = 0;
			defaultConfigurationName = Release;
		};
		A74913731CD604A300CD96D5 /* Build configuration list for PBXNativeTarget "Calculator" */ = {
			isa = XCConfigurationList;
			buildConfigurations = (
				A74913741CD604A300CD96D5 /* Debug */,
				A74913751CD604A300CD96D5 /* Release */,
			);
			defaultConfigurationIsVisible = 0;
		};
/* End XCConfigurationList section */
	};
	rootObject = A74913591CD604A300CD96D5 /* Project object */;
}
